
Microsoft Visual Studio Solution File, Format Version 12.00
Project("{FAE04EC0-301F-11D3-BF4B-00C04F79EFBC}") = "dotNetSpLeagueApp", "dotNetSpLeagueApp\dotNetSpLeagueApp.csproj", "{982E62DA-4A02-40C2-BD9A-5D9EE80EA3AB}"
EndProject
Project("{FAE04EC0-301F-11D3-BF4B-00C04F79EFBC}") = "dotNetMVCLeagueApp", "dotNetMVCLeagueApp\dotNetMVCLeagueApp.csproj", "{92C1161E-C2AD-4072-8FAF-63788C57837B}"
EndProject
Global
	GlobalSection(SolutionConfigurationPlatforms) = preSolution
		Debug|Any CPU = Debug|Any CPU
		Release|Any CPU = Release|Any CPU
	EndGlobalSection
	GlobalSection(ProjectConfigurationPlatforms) = postSolution
		{982E62DA-4A02-40C2-BD9A-5D9EE80EA3AB}.Debug|Any CPU.ActiveCfg = Debug|Any CPU
		{982E62DA-4A02-40C2-BD9A-5D9EE80EA3AB}.Debug|Any CPU.Build.0 = Debug|Any CPU
		{982E62DA-4A02-40C2-BD9A-5D9EE80EA3AB}.Release|Any CPU.ActiveCfg = Release|Any CPU
		{982E62DA-4A02-40C2-BD9A-5D9EE80EA3AB}.Release|Any CPU.Build.0 = Release|Any CPU
		{92C1161E-C2AD-4072-8FAF-63788C57837B}.Debug|Any CPU.ActiveCfg = Debug|Any CPU
		{92C1161E-C2AD-4072-8FAF-63788C57837B}.Debug|Any CPU.Build.0 = Debug|Any CPU
		{92C1161E-C2AD-4072-8FAF-63788C57837B}.Release|Any CPU.ActiveCfg = Release|Any CPU
		{92C1161E-C2AD-4072-8FAF-63788C57837B}.Release|Any CPU.Build.0 = Release|Any CPU
	EndGlobalSection
EndGlobal
