
Microsoft Visual Studio Solution File, Format Version 12.00
Project("{FAE04EC0-301F-11D3-BF4B-00C04F79EFBC}") = "LeagueStatAppReact", "LeagueStatAppReact\LeagueStatAppReact.csproj", "{8FF9D831-0389-4B65-9F10-5D62BCB7869D}"
EndProject
Project("{FAE04EC0-301F-11D3-BF4B-00C04F79EFBC}") = "dotNetMVCLeagueApp", "dotNetMVCLeagueApp\dotNetMVCLeagueApp.csproj", "{CEA6EF58-9789-44EC-A1B6-D1BC1BA37864}"
EndProject
Global
	GlobalSection(SolutionConfigurationPlatforms) = preSolution
		Debug|Any CPU = Debug|Any CPU
		Release|Any CPU = Release|Any CPU
	EndGlobalSection
	GlobalSection(ProjectConfigurationPlatforms) = postSolution
		{8FF9D831-0389-4B65-9F10-5D62BCB7869D}.Debug|Any CPU.ActiveCfg = Debug|Any CPU
		{8FF9D831-0389-4B65-9F10-5D62BCB7869D}.Debug|Any CPU.Build.0 = Debug|Any CPU
		{8FF9D831-0389-4B65-9F10-5D62BCB7869D}.Release|Any CPU.ActiveCfg = Release|Any CPU
		{8FF9D831-0389-4B65-9F10-5D62BCB7869D}.Release|Any CPU.Build.0 = Release|Any CPU
		{CEA6EF58-9789-44EC-A1B6-D1BC1BA37864}.Debug|Any CPU.ActiveCfg = Debug|Any CPU
		{CEA6EF58-9789-44EC-A1B6-D1BC1BA37864}.Debug|Any CPU.Build.0 = Debug|Any CPU
		{CEA6EF58-9789-44EC-A1B6-D1BC1BA37864}.Release|Any CPU.ActiveCfg = Release|Any CPU
		{CEA6EF58-9789-44EC-A1B6-D1BC1BA37864}.Release|Any CPU.Build.0 = Release|Any CPU
	EndGlobalSection
EndGlobal
